
Microsoft Visual Studio Solution File, Format Version 12.00
# Visual Studio 15
VisualStudioVersion = 15.0.28307.329
MinimumVisualStudioVersion = 10.0.40219.1
Project("{9A19103F-16F7-4668-BE54-9A1E7A4F7556}") = "CibertecWebAppCore", "CibertecWebAppCore\CibertecWebAppCore.csproj", "{118BDA6A-097D-4DE2-943D-C68CFDDF5A9D}"
EndProject
Project("{2150E333-8FDC-42A3-9474-1A3956D46DE8}") = "Web", "Web", "{804E10CE-7B52-4291-989C-F85079E67992}"
EndProject
Project("{9A19103F-16F7-4668-BE54-9A1E7A4F7556}") = "CibertecCore.html", "CibertecCore.html\CibertecCore.html.csproj", "{E6475425-FED9-4E0C-890D-3ED7F2BF672F}"
EndProject
Project("{E24C65DC-7377-472B-9ABA-BC803B73C61A}") = "CibertecEmpty.html", "CibertecEmpty.html\", "{21BDF049-2B5C-46FB-81B4-4BCCA5989D60}"
	ProjectSection(WebsiteProperties) = preProject
		TargetFrameworkMoniker = ".NETFramework,Version%3Dv4.6.1"
		Debug.AspNetCompiler.VirtualPath = "/localhost_57349"
		Debug.AspNetCompiler.PhysicalPath = "CibertecEmpty.html\"
		Debug.AspNetCompiler.TargetPath = "PrecompiledWeb\localhost_57349\"
		Debug.AspNetCompiler.Updateable = "true"
		Debug.AspNetCompiler.ForceOverwrite = "true"
		Debug.AspNetCompiler.FixedNames = "false"
		Debug.AspNetCompiler.Debug = "True"
		Release.AspNetCompiler.VirtualPath = "/localhost_57349"
		Release.AspNetCompiler.PhysicalPath = "CibertecEmpty.html\"
		Release.AspNetCompiler.TargetPath = "PrecompiledWeb\localhost_57349\"
		Release.AspNetCompiler.Updateable = "true"
		Release.AspNetCompiler.ForceOverwrite = "true"
		Release.AspNetCompiler.FixedNames = "false"
		Release.AspNetCompiler.Debug = "False"
		VWDPort = "57349"
		SlnRelativePath = "CibertecEmpty.html\"
		DefaultWebSiteLanguage = "Visual C#"
	EndProjectSection
EndProject
Project("{FAE04EC0-301F-11D3-BF4B-00C04F79EFBC}") = "Cibertec.Mvc", "Cibertec.Mvc\Cibertec.Mvc.csproj", "{82761012-90C5-404C-9532-59AADD5F1B6E}"
EndProject
Project("{2150E333-8FDC-42A3-9474-1A3956D46DE8}") = "Data", "Data", "{3C25ED42-8505-4402-B057-FC75DDA4FACB}"
EndProject
Project("{FAE04EC0-301F-11D3-BF4B-00C04F79EFBC}") = "Cibertec.Models", "Cibertec.Models\Cibertec.Models.csproj", "{FD8397D9-C5DF-4AC5-B45C-635940C65905}"
EndProject
Project("{FAE04EC0-301F-11D3-BF4B-00C04F79EFBC}") = "Cibertec.Repositories", "Cibertec.Repositories\Cibertec.Repositories.csproj", "{85BEB05D-EBF9-40B2-9797-D202B851A7AD}"
EndProject
Project("{FAE04EC0-301F-11D3-BF4B-00C04F79EFBC}") = "Cibertec.Repositories.Dapper", "Cibertec.Repositories.Dapper\Cibertec.Repositories.Dapper.csproj", "{C34B1702-586E-4F5C-9D6F-02C63F699C3D}"
EndProject
Project("{FAE04EC0-301F-11D3-BF4B-00C04F79EFBC}") = "Cibertec.UnitOfWork", "Cibertec.UnitOfWork\Cibertec.UnitOfWork.csproj", "{4A1090A9-CBFE-49B9-A1C6-ABF10BEDB4BF}"
EndProject
Global
	GlobalSection(SolutionConfigurationPlatforms) = preSolution
		Debug|Any CPU = Debug|Any CPU
		Release|Any CPU = Release|Any CPU
	EndGlobalSection
	GlobalSection(ProjectConfigurationPlatforms) = postSolution
		{118BDA6A-097D-4DE2-943D-C68CFDDF5A9D}.Debug|Any CPU.ActiveCfg = Debug|Any CPU
		{118BDA6A-097D-4DE2-943D-C68CFDDF5A9D}.Debug|Any CPU.Build.0 = Debug|Any CPU
		{118BDA6A-097D-4DE2-943D-C68CFDDF5A9D}.Release|Any CPU.ActiveCfg = Release|Any CPU
		{118BDA6A-097D-4DE2-943D-C68CFDDF5A9D}.Release|Any CPU.Build.0 = Release|Any CPU
		{E6475425-FED9-4E0C-890D-3ED7F2BF672F}.Debug|Any CPU.ActiveCfg = Debug|Any CPU
		{E6475425-FED9-4E0C-890D-3ED7F2BF672F}.Debug|Any CPU.Build.0 = Debug|Any CPU
		{E6475425-FED9-4E0C-890D-3ED7F2BF672F}.Release|Any CPU.ActiveCfg = Release|Any CPU
		{E6475425-FED9-4E0C-890D-3ED7F2BF672F}.Release|Any CPU.Build.0 = Release|Any CPU
		{21BDF049-2B5C-46FB-81B4-4BCCA5989D60}.Debug|Any CPU.ActiveCfg = Debug|Any CPU
		{21BDF049-2B5C-46FB-81B4-4BCCA5989D60}.Debug|Any CPU.Build.0 = Debug|Any CPU
		{21BDF049-2B5C-46FB-81B4-4BCCA5989D60}.Release|Any CPU.ActiveCfg = Debug|Any CPU
		{21BDF049-2B5C-46FB-81B4-4BCCA5989D60}.Release|Any CPU.Build.0 = Debug|Any CPU
		{82761012-90C5-404C-9532-59AADD5F1B6E}.Debug|Any CPU.ActiveCfg = Debug|Any CPU
		{82761012-90C5-404C-9532-59AADD5F1B6E}.Debug|Any CPU.Build.0 = Debug|Any CPU
		{82761012-90C5-404C-9532-59AADD5F1B6E}.Release|Any CPU.ActiveCfg = Release|Any CPU
		{82761012-90C5-404C-9532-59AADD5F1B6E}.Release|Any CPU.Build.0 = Release|Any CPU
		{FD8397D9-C5DF-4AC5-B45C-635940C65905}.Debug|Any CPU.ActiveCfg = Debug|Any CPU
		{FD8397D9-C5DF-4AC5-B45C-635940C65905}.Debug|Any CPU.Build.0 = Debug|Any CPU
		{FD8397D9-C5DF-4AC5-B45C-635940C65905}.Release|Any CPU.ActiveCfg = Release|Any CPU
		{FD8397D9-C5DF-4AC5-B45C-635940C65905}.Release|Any CPU.Build.0 = Release|Any CPU
		{85BEB05D-EBF9-40B2-9797-D202B851A7AD}.Debug|Any CPU.ActiveCfg = Debug|Any CPU
		{85BEB05D-EBF9-40B2-9797-D202B851A7AD}.Debug|Any CPU.Build.0 = Debug|Any CPU
		{85BEB05D-EBF9-40B2-9797-D202B851A7AD}.Release|Any CPU.ActiveCfg = Release|Any CPU
		{85BEB05D-EBF9-40B2-9797-D202B851A7AD}.Release|Any CPU.Build.0 = Release|Any CPU
		{C34B1702-586E-4F5C-9D6F-02C63F699C3D}.Debug|Any CPU.ActiveCfg = Debug|Any CPU
		{C34B1702-586E-4F5C-9D6F-02C63F699C3D}.Debug|Any CPU.Build.0 = Debug|Any CPU
		{C34B1702-586E-4F5C-9D6F-02C63F699C3D}.Release|Any CPU.ActiveCfg = Release|Any CPU
		{C34B1702-586E-4F5C-9D6F-02C63F699C3D}.Release|Any CPU.Build.0 = Release|Any CPU
		{4A1090A9-CBFE-49B9-A1C6-ABF10BEDB4BF}.Debug|Any CPU.ActiveCfg = Debug|Any CPU
		{4A1090A9-CBFE-49B9-A1C6-ABF10BEDB4BF}.Debug|Any CPU.Build.0 = Debug|Any CPU
		{4A1090A9-CBFE-49B9-A1C6-ABF10BEDB4BF}.Release|Any CPU.ActiveCfg = Release|Any CPU
		{4A1090A9-CBFE-49B9-A1C6-ABF10BEDB4BF}.Release|Any CPU.Build.0 = Release|Any CPU
	EndGlobalSection
	GlobalSection(SolutionProperties) = preSolution
		HideSolutionNode = FALSE
	EndGlobalSection
	GlobalSection(NestedProjects) = preSolution
		{118BDA6A-097D-4DE2-943D-C68CFDDF5A9D} = {804E10CE-7B52-4291-989C-F85079E67992}
		{E6475425-FED9-4E0C-890D-3ED7F2BF672F} = {804E10CE-7B52-4291-989C-F85079E67992}
		{21BDF049-2B5C-46FB-81B4-4BCCA5989D60} = {804E10CE-7B52-4291-989C-F85079E67992}
		{82761012-90C5-404C-9532-59AADD5F1B6E} = {804E10CE-7B52-4291-989C-F85079E67992}
		{FD8397D9-C5DF-4AC5-B45C-635940C65905} = {3C25ED42-8505-4402-B057-FC75DDA4FACB}
		{85BEB05D-EBF9-40B2-9797-D202B851A7AD} = {3C25ED42-8505-4402-B057-FC75DDA4FACB}
		{C34B1702-586E-4F5C-9D6F-02C63F699C3D} = {3C25ED42-8505-4402-B057-FC75DDA4FACB}
		{4A1090A9-CBFE-49B9-A1C6-ABF10BEDB4BF} = {3C25ED42-8505-4402-B057-FC75DDA4FACB}
	EndGlobalSection
	GlobalSection(ExtensibilityGlobals) = postSolution
		SolutionGuid = {B7BEFCFA-14DE-4CC8-BBDE-151DFD81475E}
	EndGlobalSection
EndGlobal
